
Microsoft Visual Studio Solution File, Format Version 12.00
# Visual Studio Version 17
VisualStudioVersion = 17.4.33213.308
MinimumVisualStudioVersion = 10.0.40219.1
Project("{8BC9CEB8-8B4A-11D0-8D11-00A0C91BC942}") = "G1056_S01", "G1056_S01.vcxproj", "{E14AF032-1C54-4664-A5A2-26300AD117CC}"
EndProject
Global
	GlobalSection(SolutionConfigurationPlatforms) = preSolution
		Debug|x64 = Debug|x64
		Debug|x86 = Debug|x86
		Release|x64 = Release|x64
		Release|x86 = Release|x86
	EndGlobalSection
	GlobalSection(ProjectConfigurationPlatforms) = postSolution
		{E14AF032-1C54-4664-A5A2-26300AD117CC}.Debug|x64.ActiveCfg = Debug|x64
		{E14AF032-1C54-4664-A5A2-26300AD117CC}.Debug|x64.Build.0 = Debug|x64
		{E14AF032-1C54-4664-A5A2-26300AD117CC}.Debug|x86.ActiveCfg = Debug|Win32
		{E14AF032-1C54-4664-A5A2-26300AD117CC}.Debug|x86.Build.0 = Debug|Win32
		{E14AF032-1C54-4664-A5A2-26300AD117CC}.Release|x64.ActiveCfg = Release|x64
		{E14AF032-1C54-4664-A5A2-26300AD117CC}.Release|x64.Build.0 = Release|x64
		{E14AF032-1C54-4664-A5A2-26300AD117CC}.Release|x86.ActiveCfg = Release|Win32
		{E14AF032-1C54-4664-A5A2-26300AD117CC}.Release|x86.Build.0 = Release|Win32
	EndGlobalSection
	GlobalSection(SolutionProperties) = preSolution
		HideSolutionNode = FALSE
	EndGlobalSection
	GlobalSection(ExtensibilityGlobals) = postSolution
		SolutionGuid = {58692F1C-E180-4F8C-B53E-C6BCFC90F870}
	EndGlobalSection
EndGlobal
